
Microsoft Visual Studio Solution File, Format Version 12.00
# Visual Studio Version 17
VisualStudioVersion = 17.9.34607.119
MinimumVisualStudioVersion = 10.0.40219.1
Project("{FAE04EC0-301F-11D3-BF4B-00C04F79EFBC}") = "Medium.API", "Medium.API\Medium.API.csproj", "{4B3FF50E-E4C0-4AFF-BF23-1723BF977AFE}"
EndProject
Project("{2150E333-8FDC-42A3-9474-1A3956D46DE8}") = "src", "src", "{26822BEB-A74A-4AF9-B474-2304E117DF26}"
EndProject
Project("{FAE04EC0-301F-11D3-BF4B-00C04F79EFBC}") = "Medium.Domain", "Medium.Domain\Medium.Domain.csproj", "{1B9D75C4-772E-4A0F-9BB2-B2FB478A8ED6}"
EndProject
Project("{FAE04EC0-301F-11D3-BF4B-00C04F79EFBC}") = "Medium.Application", "Medium.Application\Medium.Application.csproj", "{10B93ABB-8E4D-444A-86AE-E6A4BF5BA73B}"
EndProject
Project("{FAE04EC0-301F-11D3-BF4B-00C04F79EFBC}") = "Medium.Infractructure", "Medium.Infractructure\Medium.Infractructure.csproj", "{92CEF98C-4915-4DCB-A6CF-AA50532E8A65}"
EndProject
Global
	GlobalSection(SolutionConfigurationPlatforms) = preSolution
		Debug|Any CPU = Debug|Any CPU
		Release|Any CPU = Release|Any CPU
	EndGlobalSection
	GlobalSection(ProjectConfigurationPlatforms) = postSolution
		{4B3FF50E-E4C0-4AFF-BF23-1723BF977AFE}.Debug|Any CPU.ActiveCfg = Debug|Any CPU
		{4B3FF50E-E4C0-4AFF-BF23-1723BF977AFE}.Debug|Any CPU.Build.0 = Debug|Any CPU
		{4B3FF50E-E4C0-4AFF-BF23-1723BF977AFE}.Release|Any CPU.ActiveCfg = Release|Any CPU
		{4B3FF50E-E4C0-4AFF-BF23-1723BF977AFE}.Release|Any CPU.Build.0 = Release|Any CPU
		{1B9D75C4-772E-4A0F-9BB2-B2FB478A8ED6}.Debug|Any CPU.ActiveCfg = Debug|Any CPU
		{1B9D75C4-772E-4A0F-9BB2-B2FB478A8ED6}.Debug|Any CPU.Build.0 = Debug|Any CPU
		{1B9D75C4-772E-4A0F-9BB2-B2FB478A8ED6}.Release|Any CPU.ActiveCfg = Release|Any CPU
		{1B9D75C4-772E-4A0F-9BB2-B2FB478A8ED6}.Release|Any CPU.Build.0 = Release|Any CPU
		{10B93ABB-8E4D-444A-86AE-E6A4BF5BA73B}.Debug|Any CPU.ActiveCfg = Debug|Any CPU
		{10B93ABB-8E4D-444A-86AE-E6A4BF5BA73B}.Debug|Any CPU.Build.0 = Debug|Any CPU
		{10B93ABB-8E4D-444A-86AE-E6A4BF5BA73B}.Release|Any CPU.ActiveCfg = Release|Any CPU
		{10B93ABB-8E4D-444A-86AE-E6A4BF5BA73B}.Release|Any CPU.Build.0 = Release|Any CPU
		{92CEF98C-4915-4DCB-A6CF-AA50532E8A65}.Debug|Any CPU.ActiveCfg = Debug|Any CPU
		{92CEF98C-4915-4DCB-A6CF-AA50532E8A65}.Debug|Any CPU.Build.0 = Debug|Any CPU
		{92CEF98C-4915-4DCB-A6CF-AA50532E8A65}.Release|Any CPU.ActiveCfg = Release|Any CPU
		{92CEF98C-4915-4DCB-A6CF-AA50532E8A65}.Release|Any CPU.Build.0 = Release|Any CPU
	EndGlobalSection
	GlobalSection(SolutionProperties) = preSolution
		HideSolutionNode = FALSE
	EndGlobalSection
	GlobalSection(NestedProjects) = preSolution
		{4B3FF50E-E4C0-4AFF-BF23-1723BF977AFE} = {26822BEB-A74A-4AF9-B474-2304E117DF26}
		{1B9D75C4-772E-4A0F-9BB2-B2FB478A8ED6} = {26822BEB-A74A-4AF9-B474-2304E117DF26}
		{10B93ABB-8E4D-444A-86AE-E6A4BF5BA73B} = {26822BEB-A74A-4AF9-B474-2304E117DF26}
		{92CEF98C-4915-4DCB-A6CF-AA50532E8A65} = {26822BEB-A74A-4AF9-B474-2304E117DF26}
	EndGlobalSection
	GlobalSection(ExtensibilityGlobals) = postSolution
		SolutionGuid = {D19923E7-2BA8-4B6C-AF00-C2A5FC43600E}
	EndGlobalSection
EndGlobal
